
Microsoft Visual Studio Solution File, Format Version 12.00
# Visual Studio Version 16
VisualStudioVersion = 16.0.29806.167
MinimumVisualStudioVersion = 10.0.40219.1
Project("{FAE04EC0-301F-11D3-BF4B-00C04F79EFBC}") = "unboxing", "unboxing.csproj", "{B0AE6614-340E-4273-AC36-18ACF01CF8DE}"
EndProject
Global
	GlobalSection(SolutionConfigurationPlatforms) = preSolution
		Debug|Any CPU = Debug|Any CPU
		Release|Any CPU = Release|Any CPU
	EndGlobalSection
	GlobalSection(ProjectConfigurationPlatforms) = postSolution
		{B0AE6614-340E-4273-AC36-18ACF01CF8DE}.Debug|Any CPU.ActiveCfg = Debug|Any CPU
		{B0AE6614-340E-4273-AC36-18ACF01CF8DE}.Debug|Any CPU.Build.0 = Debug|Any CPU
		{B0AE6614-340E-4273-AC36-18ACF01CF8DE}.Release|Any CPU.ActiveCfg = Release|Any CPU
		{B0AE6614-340E-4273-AC36-18ACF01CF8DE}.Release|Any CPU.Build.0 = Release|Any CPU
	EndGlobalSection
	GlobalSection(SolutionProperties) = preSolution
		HideSolutionNode = FALSE
	EndGlobalSection
	GlobalSection(ExtensibilityGlobals) = postSolution
		SolutionGuid = {16A786A7-B29F-4FF3-8B58-9FC7708C49BE}
	EndGlobalSection
EndGlobal
