
Microsoft Visual Studio Solution File, Format Version 12.00
# Visual Studio Version 16
VisualStudioVersion = 16.0.29806.167
MinimumVisualStudioVersion = 10.0.40219.1
Project("{FAE04EC0-301F-11D3-BF4B-00C04F79EFBC}") = "ques4(web_api_basics)", "ques4(web_api_basics).csproj", "{DCB91031-A720-476D-A754-3456C7921FCE}"
EndProject
Global
	GlobalSection(SolutionConfigurationPlatforms) = preSolution
		Debug|Any CPU = Debug|Any CPU
		Release|Any CPU = Release|Any CPU
	EndGlobalSection
	GlobalSection(ProjectConfigurationPlatforms) = postSolution
		{DCB91031-A720-476D-A754-3456C7921FCE}.Debug|Any CPU.ActiveCfg = Debug|Any CPU
		{DCB91031-A720-476D-A754-3456C7921FCE}.Debug|Any CPU.Build.0 = Debug|Any CPU
		{DCB91031-A720-476D-A754-3456C7921FCE}.Release|Any CPU.ActiveCfg = Release|Any CPU
		{DCB91031-A720-476D-A754-3456C7921FCE}.Release|Any CPU.Build.0 = Release|Any CPU
	EndGlobalSection
	GlobalSection(SolutionProperties) = preSolution
		HideSolutionNode = FALSE
	EndGlobalSection
	GlobalSection(ExtensibilityGlobals) = postSolution
		SolutionGuid = {F5B0D7F4-BA39-4E0E-A7E5-E77BD9E9560E}
	EndGlobalSection
EndGlobal
