
Microsoft Visual Studio Solution File, Format Version 12.00
# Visual Studio Version 16
VisualStudioVersion = 16.0.29806.167
MinimumVisualStudioVersion = 10.0.40219.1
Project("{FAE04EC0-301F-11D3-BF4B-00C04F79EFBC}") = "ques10(WebApplication1)", "ques10(WebApplication1).csproj", "{E86E3D93-1B81-491E-928D-94B6AE3A70EE}"
EndProject
Global
	GlobalSection(SolutionConfigurationPlatforms) = preSolution
		Debug|Any CPU = Debug|Any CPU
		Release|Any CPU = Release|Any CPU
	EndGlobalSection
	GlobalSection(ProjectConfigurationPlatforms) = postSolution
		{E86E3D93-1B81-491E-928D-94B6AE3A70EE}.Debug|Any CPU.ActiveCfg = Debug|Any CPU
		{E86E3D93-1B81-491E-928D-94B6AE3A70EE}.Debug|Any CPU.Build.0 = Debug|Any CPU
		{E86E3D93-1B81-491E-928D-94B6AE3A70EE}.Release|Any CPU.ActiveCfg = Release|Any CPU
		{E86E3D93-1B81-491E-928D-94B6AE3A70EE}.Release|Any CPU.Build.0 = Release|Any CPU
	EndGlobalSection
	GlobalSection(SolutionProperties) = preSolution
		HideSolutionNode = FALSE
	EndGlobalSection
	GlobalSection(ExtensibilityGlobals) = postSolution
		SolutionGuid = {A490273B-1EF4-49C9-816A-2543ADD292B6}
	EndGlobalSection
EndGlobal
